// !$*UTF8*$!
{
	archiveVersion = 1;
	classes = {
	};
	objectVersion = 77;
	objects = {

/* Begin PBXBuildFile section */
		69C6BD4D2D2B9A3F000A77EC /* LockLib.xcframework in Frameworks */ = {isa = PBXBuildFile; fileRef = 2B94CB262D1FF10C00C484B0 /* LockLib.xcframework */; };
/* End PBXBuildFile section */

/* Begin PBXContainerItemProxy section */
		69E13C8B2D1B9A9A0081BBA4 /* PBXContainerItemProxy */ = {
			isa = PBXContainerItemProxy;
			containerPortal = 69E13C702D1B9A970081BBA4 /* Project object */;
			proxyType = 1;
			remoteGlobalIDString = 69E13C772D1B9A970081BBA4;
			remoteInfo = "BPassword-ipfs";
		};
		69E13C952D1B9A9A0081BBA4 /* PBXContainerItemProxy */ = {
			isa = PBXContainerItemProxy;
			containerPortal = 69E13C702D1B9A970081BBA4 /* Project object */;
			proxyType = 1;
			remoteGlobalIDString = 69E13C772D1B9A970081BBA4;
			remoteInfo = "BPassword-ipfs";
		};
/* End PBXContainerItemProxy section */

/* Begin PBXFileReference section */
		2B94CB262D1FF10C00C484B0 /* LockLib.xcframework */ = {isa = PBXFileReference; lastKnownFileType = wrapper.xcframework; name = LockLib.xcframework; path = ../go/bin/LockLib.xcframework; sourceTree = "<group>"; };
		69E13C782D1B9A970081BBA4 /* oneLock.app */ = {isa = PBXFileReference; explicitFileType = wrapper.application; includeInIndex = 0; path = oneLock.app; sourceTree = BUILT_PRODUCTS_DIR; };
		69E13C8A2D1B9A9A0081BBA4 /* oneLockTests.xctest */ = {isa = PBXFileReference; explicitFileType = wrapper.cfbundle; includeInIndex = 0; path = oneLockTests.xctest; sourceTree = BUILT_PRODUCTS_DIR; };
		69E13C942D1B9A9A0081BBA4 /* oneLockUITests.xctest */ = {isa = PBXFileReference; explicitFileType = wrapper.cfbundle; includeInIndex = 0; path = oneLockUITests.xctest; sourceTree = BUILT_PRODUCTS_DIR; };
/* End PBXFileReference section */

/* Begin PBXFileSystemSynchronizedBuildFileExceptionSet section */
		692C384D2D300201004E104B /* Exceptions for "oneLock" folder in "oneLock" target */ = {
			isa = PBXFileSystemSynchronizedBuildFileExceptionSet;
			membershipExceptions = (
				Info.plist,
			);
			target = 69E13C772D1B9A970081BBA4 /* oneLock */;
		};
/* End PBXFileSystemSynchronizedBuildFileExceptionSet section */

/* Begin PBXFileSystemSynchronizedRootGroup section */
		69E13C7A2D1B9A970081BBA4 /* oneLock */ = {
			isa = PBXFileSystemSynchronizedRootGroup;
			exceptions = (
				692C384D2D300201004E104B /* Exceptions for "oneLock" folder in "oneLock" target */,
			);
			path = oneLock;
			sourceTree = "<group>";
		};
		69E13C8D2D1B9A9A0081BBA4 /* oneLockTests */ = {
			isa = PBXFileSystemSynchronizedRootGroup;
			path = oneLockTests;
			sourceTree = "<group>";
		};
		69E13C972D1B9A9A0081BBA4 /* oneLockUITests */ = {
			isa = PBXFileSystemSynchronizedRootGroup;
			path = oneLockUITests;
			sourceTree = "<group>";
		};
/* End PBXFileSystemSynchronizedRootGroup section */

/* Begin PBXFrameworksBuildPhase section */
		69E13C752D1B9A970081BBA4 /* Frameworks */ = {
			isa = PBXFrameworksBuildPhase;
			buildActionMask = 2147483647;
			files = (
				69C6BD4D2D2B9A3F000A77EC /* LockLib.xcframework in Frameworks */,
			);
			runOnlyForDeploymentPostprocessing = 0;
		};
		69E13C872D1B9A9A0081BBA4 /* Frameworks */ = {
			isa = PBXFrameworksBuildPhase;
			buildActionMask = 2147483647;
			files = (
			);
			runOnlyForDeploymentPostprocessing = 0;
		};
		69E13C912D1B9A9A0081BBA4 /* Frameworks */ = {
			isa = PBXFrameworksBuildPhase;
			buildActionMask = 2147483647;
			files = (
			);
			runOnlyForDeploymentPostprocessing = 0;
		};
/* End PBXFrameworksBuildPhase section */

/* Begin PBXGroup section */
		694B42D32D1BBC4A001EE591 /* Frameworks */ = {
			isa = PBXGroup;
			children = (
				2B94CB262D1FF10C00C484B0 /* LockLib.xcframework */,
			);
			name = Frameworks;
			sourceTree = "<group>";
		};
		69E13C6F2D1B9A970081BBA4 = {
			isa = PBXGroup;
			children = (
				69E13C7A2D1B9A970081BBA4 /* oneLock */,
				69E13C8D2D1B9A9A0081BBA4 /* oneLockTests */,
				69E13C972D1B9A9A0081BBA4 /* oneLockUITests */,
				694B42D32D1BBC4A001EE591 /* Frameworks */,
				69E13C792D1B9A970081BBA4 /* Products */,
			);
			sourceTree = "<group>";
		};
		69E13C792D1B9A970081BBA4 /* Products */ = {
			isa = PBXGroup;
			children = (
				69E13C782D1B9A970081BBA4 /* oneLock.app */,
				69E13C8A2D1B9A9A0081BBA4 /* oneLockTests.xctest */,
				69E13C942D1B9A9A0081BBA4 /* oneLockUITests.xctest */,
			);
			name = Products;
			sourceTree = "<group>";
		};
/* End PBXGroup section */

/* Begin PBXNativeTarget section */
		69E13C772D1B9A970081BBA4 /* oneLock */ = {
			isa = PBXNativeTarget;
			buildConfigurationList = 69E13C9E2D1B9A9A0081BBA4 /* Build configuration list for PBXNativeTarget "oneLock" */;
			buildPhases = (
				69E13C742D1B9A970081BBA4 /* Sources */,
				69E13C752D1B9A970081BBA4 /* Frameworks */,
				69E13C762D1B9A970081BBA4 /* Resources */,
			);
			buildRules = (
			);
			dependencies = (
			);
			fileSystemSynchronizedGroups = (
				69E13C7A2D1B9A970081BBA4 /* oneLock */,
			);
			name = oneLock;
			packageProductDependencies = (
			);
			productName = "BPassword-ipfs";
			productReference = 69E13C782D1B9A970081BBA4 /* oneLock.app */;
			productType = "com.apple.product-type.application";
		};
		69E13C892D1B9A9A0081BBA4 /* oneLockTests */ = {
			isa = PBXNativeTarget;
			buildConfigurationList = 69E13CA12D1B9A9A0081BBA4 /* Build configuration list for PBXNativeTarget "oneLockTests" */;
			buildPhases = (
				69E13C862D1B9A9A0081BBA4 /* Sources */,
				69E13C872D1B9A9A0081BBA4 /* Frameworks */,
				69E13C882D1B9A9A0081BBA4 /* Resources */,
			);
			buildRules = (
			);
			dependencies = (
				69E13C8C2D1B9A9A0081BBA4 /* PBXTargetDependency */,
			);
			fileSystemSynchronizedGroups = (
				69E13C8D2D1B9A9A0081BBA4 /* oneLockTests */,
			);
			name = oneLockTests;
			packageProductDependencies = (
			);
			productName = "BPassword-ipfsTests";
			productReference = 69E13C8A2D1B9A9A0081BBA4 /* oneLockTests.xctest */;
			productType = "com.apple.product-type.bundle.unit-test";
		};
		69E13C932D1B9A9A0081BBA4 /* oneLockUITests */ = {
			isa = PBXNativeTarget;
			buildConfigurationList = 69E13CA42D1B9A9A0081BBA4 /* Build configuration list for PBXNativeTarget "oneLockUITests" */;
			buildPhases = (
				69E13C902D1B9A9A0081BBA4 /* Sources */,
				69E13C912D1B9A9A0081BBA4 /* Frameworks */,
				69E13C922D1B9A9A0081BBA4 /* Resources */,
			);
			buildRules = (
			);
			dependencies = (
				69E13C962D1B9A9A0081BBA4 /* PBXTargetDependency */,
			);
			fileSystemSynchronizedGroups = (
				69E13C972D1B9A9A0081BBA4 /* oneLockUITests */,
			);
			name = oneLockUITests;
			packageProductDependencies = (
			);
			productName = "BPassword-ipfsUITests";
			productReference = 69E13C942D1B9A9A0081BBA4 /* oneLockUITests.xctest */;
			productType = "com.apple.product-type.bundle.ui-testing";
		};
/* End PBXNativeTarget section */

/* Begin PBXProject section */
		69E13C702D1B9A970081BBA4 /* Project object */ = {
			isa = PBXProject;
			attributes = {
				BuildIndependentTargetsInParallel = 1;
				LastSwiftUpdateCheck = 1620;
				LastUpgradeCheck = 1620;
				TargetAttributes = {
					69E13C772D1B9A970081BBA4 = {
						CreatedOnToolsVersion = 16.2;
					};
					69E13C892D1B9A9A0081BBA4 = {
						CreatedOnToolsVersion = 16.2;
						TestTargetID = 69E13C772D1B9A970081BBA4;
					};
					69E13C932D1B9A9A0081BBA4 = {
						CreatedOnToolsVersion = 16.2;
						TestTargetID = 69E13C772D1B9A970081BBA4;
					};
				};
			};
			buildConfigurationList = 69E13C732D1B9A970081BBA4 /* Build configuration list for PBXProject "oneLock" */;
			developmentRegion = en;
			hasScannedForEncodings = 0;
			knownRegions = (
				en,
				Base,
			);
			mainGroup = 69E13C6F2D1B9A970081BBA4;
			minimizedProjectReferenceProxies = 1;
			preferredProjectObjectVersion = 77;
			productRefGroup = 69E13C792D1B9A970081BBA4 /* Products */;
			projectDirPath = "";
			projectRoot = "";
			targets = (
				69E13C772D1B9A970081BBA4 /* oneLock */,
				69E13C892D1B9A9A0081BBA4 /* oneLockTests */,
				69E13C932D1B9A9A0081BBA4 /* oneLockUITests */,
			);
		};
/* End PBXProject section */

/* Begin PBXResourcesBuildPhase section */
		69E13C762D1B9A970081BBA4 /* Resources */ = {
			isa = PBXResourcesBuildPhase;
			buildActionMask = 2147483647;
			files = (
			);
			runOnlyForDeploymentPostprocessing = 0;
		};
		69E13C882D1B9A9A0081BBA4 /* Resources */ = {
			isa = PBXResourcesBuildPhase;
			buildActionMask = 2147483647;
			files = (
			);
			runOnlyForDeploymentPostprocessing = 0;
		};
		69E13C922D1B9A9A0081BBA4 /* Resources */ = {
			isa = PBXResourcesBuildPhase;
			buildActionMask = 2147483647;
			files = (
			);
			runOnlyForDeploymentPostprocessing = 0;
		};
/* End PBXResourcesBuildPhase section */

/* Begin PBXSourcesBuildPhase section */
		69E13C742D1B9A970081BBA4 /* Sources */ = {
			isa = PBXSourcesBuildPhase;
			buildActionMask = 2147483647;
			files = (
			);
			runOnlyForDeploymentPostprocessing = 0;
		};
		69E13C862D1B9A9A0081BBA4 /* Sources */ = {
			isa = PBXSourcesBuildPhase;
			buildActionMask = 2147483647;
			files = (
			);
			runOnlyForDeploymentPostprocessing = 0;
		};
		69E13C902D1B9A9A0081BBA4 /* Sources */ = {
			isa = PBXSourcesBuildPhase;
			buildActionMask = 2147483647;
			files = (
			);
			runOnlyForDeploymentPostprocessing = 0;
		};
/* End PBXSourcesBuildPhase section */

/* Begin PBXTargetDependency section */
		69E13C8C2D1B9A9A0081BBA4 /* PBXTargetDependency */ = {
			isa = PBXTargetDependency;
			target = 69E13C772D1B9A970081BBA4 /* oneLock */;
			targetProxy = 69E13C8B2D1B9A9A0081BBA4 /* PBXContainerItemProxy */;
		};
		69E13C962D1B9A9A0081BBA4 /* PBXTargetDependency */ = {
			isa = PBXTargetDependency;
			target = 69E13C772D1B9A970081BBA4 /* oneLock */;
			targetProxy = 69E13C952D1B9A9A0081BBA4 /* PBXContainerItemProxy */;
		};
/* End PBXTargetDependency section */

/* Begin XCBuildConfiguration section */
		69E13C9C2D1B9A9A0081BBA4 /* Debug */ = {
			isa = XCBuildConfiguration;
			buildSettings = {
				ALWAYS_SEARCH_USER_PATHS = NO;
				ASSETCATALOG_COMPILER_GENERATE_SWIFT_ASSET_SYMBOL_EXTENSIONS = YES;
				CLANG_ANALYZER_NONNULL = YES;
				CLANG_ANALYZER_NUMBER_OBJECT_CONVERSION = YES_AGGRESSIVE;
				CLANG_CXX_LANGUAGE_STANDARD = "gnu++20";
				CLANG_ENABLE_MODULES = YES;
				CLANG_ENABLE_OBJC_ARC = YES;
				CLANG_ENABLE_OBJC_WEAK = YES;
				CLANG_WARN_BLOCK_CAPTURE_AUTORELEASING = YES;
				CLANG_WARN_BOOL_CONVERSION = YES;
				CLANG_WARN_COMMA = YES;
				CLANG_WARN_CONSTANT_CONVERSION = YES;
				CLANG_WARN_DEPRECATED_OBJC_IMPLEMENTATIONS = YES;
				CLANG_WARN_DIRECT_OBJC_ISA_USAGE = YES_ERROR;
				CLANG_WARN_DOCUMENTATION_COMMENTS = YES;
				CLANG_WARN_EMPTY_BODY = YES;
				CLANG_WARN_ENUM_CONVERSION = YES;
				CLANG_WARN_INFINITE_RECURSION = YES;
				CLANG_WARN_INT_CONVERSION = YES;
				CLANG_WARN_NON_LITERAL_NULL_CONVERSION = YES;
				CLANG_WARN_OBJC_IMPLICIT_RETAIN_SELF = YES;
				CLANG_WARN_OBJC_LITERAL_CONVERSION = YES;
				CLANG_WARN_OBJC_ROOT_CLASS = YES_ERROR;
				CLANG_WARN_QUOTED_INCLUDE_IN_FRAMEWORK_HEADER = YES;
				CLANG_WARN_RANGE_LOOP_ANALYSIS = YES;
				CLANG_WARN_STRICT_PROTOTYPES = YES;
				CLANG_WARN_SUSPICIOUS_MOVE = YES;
				CLANG_WARN_UNGUARDED_AVAILABILITY = YES_AGGRESSIVE;
				CLANG_WARN_UNREACHABLE_CODE = YES;
				CLANG_WARN__DUPLICATE_METHOD_MATCH = YES;
				COPY_PHASE_STRIP = NO;
				DEBUG_INFORMATION_FORMAT = dwarf;
				ENABLE_STRICT_OBJC_MSGSEND = YES;
				ENABLE_TESTABILITY = YES;
				ENABLE_USER_SCRIPT_SANDBOXING = YES;
				GCC_C_LANGUAGE_STANDARD = gnu17;
				GCC_DYNAMIC_NO_PIC = NO;
				GCC_NO_COMMON_BLOCKS = YES;
				GCC_OPTIMIZATION_LEVEL = 0;
				GCC_PREPROCESSOR_DEFINITIONS = (
					"DEBUG=1",
					"$(inherited)",
				);
				GCC_WARN_64_TO_32_BIT_CONVERSION = YES;
				GCC_WARN_ABOUT_RETURN_TYPE = YES_ERROR;
				GCC_WARN_UNDECLARED_SELECTOR = YES;
				GCC_WARN_UNINITIALIZED_AUTOS = YES_AGGRESSIVE;
				GCC_WARN_UNUSED_FUNCTION = YES;
				GCC_WARN_UNUSED_VARIABLE = YES;
				IPHONEOS_DEPLOYMENT_TARGET = 18.2;
				LOCALIZATION_PREFERS_STRING_CATALOGS = YES;
				MTL_ENABLE_DEBUG_INFO = INCLUDE_SOURCE;
				MTL_FAST_MATH = YES;
				ONLY_ACTIVE_ARCH = YES;
				SDKROOT = iphoneos;
				SWIFT_ACTIVE_COMPILATION_CONDITIONS = "DEBUG $(inherited)";
				SWIFT_OPTIMIZATION_LEVEL = "-Onone";
			};
			name = Debug;
		};
		69E13C9D2D1B9A9A0081BBA4 /* Release */ = {
			isa = XCBuildConfiguration;
			buildSettings = {
				ALWAYS_SEARCH_USER_PATHS = NO;
				ASSETCATALOG_COMPILER_GENERATE_SWIFT_ASSET_SYMBOL_EXTENSIONS = YES;
				CLANG_ANALYZER_NONNULL = YES;
				CLANG_ANALYZER_NUMBER_OBJECT_CONVERSION = YES_AGGRESSIVE;
				CLANG_CXX_LANGUAGE_STANDARD = "gnu++20";
				CLANG_ENABLE_MODULES = YES;
				CLANG_ENABLE_OBJC_ARC = YES;
				CLANG_ENABLE_OBJC_WEAK = YES;
				CLANG_WARN_BLOCK_CAPTURE_AUTORELEASING = YES;
				CLANG_WARN_BOOL_CONVERSION = YES;
				CLANG_WARN_COMMA = YES;
				CLANG_WARN_CONSTANT_CONVERSION = YES;
				CLANG_WARN_DEPRECATED_OBJC_IMPLEMENTATIONS = YES;
				CLANG_WARN_DIRECT_OBJC_ISA_USAGE = YES_ERROR;
				CLANG_WARN_DOCUMENTATION_COMMENTS = YES;
				CLANG_WARN_EMPTY_BODY = YES;
				CLANG_WARN_ENUM_CONVERSION = YES;
				CLANG_WARN_INFINITE_RECURSION = YES;
				CLANG_WARN_INT_CONVERSION = YES;
				CLANG_WARN_NON_LITERAL_NULL_CONVERSION = YES;
				CLANG_WARN_OBJC_IMPLICIT_RETAIN_SELF = YES;
				CLANG_WARN_OBJC_LITERAL_CONVERSION = YES;
				CLANG_WARN_OBJC_ROOT_CLASS = YES_ERROR;
				CLANG_WARN_QUOTED_INCLUDE_IN_FRAMEWORK_HEADER = YES;
				CLANG_WARN_RANGE_LOOP_ANALYSIS = YES;
				CLANG_WARN_STRICT_PROTOTYPES = YES;
				CLANG_WARN_SUSPICIOUS_MOVE = YES;
				CLANG_WARN_UNGUARDED_AVAILABILITY = YES_AGGRESSIVE;
				CLANG_WARN_UNREACHABLE_CODE = YES;
				CLANG_WARN__DUPLICATE_METHOD_MATCH = YES;
				COPY_PHASE_STRIP = NO;
				DEBUG_INFORMATION_FORMAT = "dwarf-with-dsym";
				ENABLE_NS_ASSERTIONS = NO;
				ENABLE_STRICT_OBJC_MSGSEND = YES;
				ENABLE_USER_SCRIPT_SANDBOXING = YES;
				GCC_C_LANGUAGE_STANDARD = gnu17;
				GCC_NO_COMMON_BLOCKS = YES;
				GCC_WARN_64_TO_32_BIT_CONVERSION = YES;
				GCC_WARN_ABOUT_RETURN_TYPE = YES_ERROR;
				GCC_WARN_UNDECLARED_SELECTOR = YES;
				GCC_WARN_UNINITIALIZED_AUTOS = YES_AGGRESSIVE;
				GCC_WARN_UNUSED_FUNCTION = YES;
				GCC_WARN_UNUSED_VARIABLE = YES;
				IPHONEOS_DEPLOYMENT_TARGET = 18.2;
				LOCALIZATION_PREFERS_STRING_CATALOGS = YES;
				MTL_ENABLE_DEBUG_INFO = NO;
				MTL_FAST_MATH = YES;
				SDKROOT = iphoneos;
				SWIFT_COMPILATION_MODE = wholemodule;
				VALIDATE_PRODUCT = YES;
			};
			name = Release;
		};
		69E13C9F2D1B9A9A0081BBA4 /* Debug */ = {
			isa = XCBuildConfiguration;
			buildSettings = {
				ASSETCATALOG_COMPILER_APPICON_NAME = AppIcon;
				ASSETCATALOG_COMPILER_GLOBAL_ACCENT_COLOR_NAME = AccentColor;
				CODE_SIGN_IDENTITY = "Apple Development";
				CODE_SIGN_STYLE = Automatic;
				CURRENT_PROJECT_VERSION = 4;
				DEBUG_INFORMATION_FORMAT = "dwarf-with-dsym";
				DEVELOPMENT_ASSET_PATHS = "\"oneLock/Preview Content\"";
				DEVELOPMENT_TEAM = 2XYK8RBB6M;
				ENABLE_PREVIEWS = YES;
				FRAMEWORK_SEARCH_PATHS = "$(SRCROOT)/bin";
				GENERATE_INFOPLIST_FILE = YES;
				INFOPLIST_FILE = oneLock/Info.plist;
				INFOPLIST_KEY_CFBundleDisplayName = OneLock;
				INFOPLIST_KEY_LSApplicationCategoryType = "public.app-category.utilities";
				INFOPLIST_KEY_NSCameraUsageDescription = "We need camera access to scan QR codes.";
				INFOPLIST_KEY_UIApplicationSceneManifest_Generation = YES;
				INFOPLIST_KEY_UIApplicationSupportsIndirectInputEvents = YES;
				INFOPLIST_KEY_UILaunchScreen_Generation = YES;
				INFOPLIST_KEY_UIRequiresFullScreen = YES;
				INFOPLIST_KEY_UISupportedInterfaceOrientations = UIInterfaceOrientationPortrait;
				INFOPLIST_KEY_UIUserInterfaceStyle = Light;
				IPHONEOS_DEPLOYMENT_TARGET = 15.5;
				LD_RUNPATH_SEARCH_PATHS = (
					"$(inherited)",
					"@executable_path/Frameworks",
				);
				MARKETING_VERSION = 1.0;
				OTHER_LDFLAGS = "-lresolv";
				PRODUCT_BUNDLE_IDENTIFIER = com.yushian.oneKey;
				PRODUCT_NAME = "$(TARGET_NAME)";
				PROVISIONING_PROFILE_SPECIFIER = "";
				SUPPORTED_PLATFORMS = "iphoneos iphonesimulator";
				SUPPORTS_MACCATALYST = NO;
				SUPPORTS_MAC_DESIGNED_FOR_IPHONE_IPAD = NO;
				SUPPORTS_XR_DESIGNED_FOR_IPHONE_IPAD = NO;
				SWIFT_EMIT_LOC_STRINGS = YES;
				SWIFT_VERSION = 5.0;
				TARGETED_DEVICE_FAMILY = "1,2";
			};
			name = Debug;
		};
		69E13CA02D1B9A9A0081BBA4 /* Release */ = {
			isa = XCBuildConfiguration;
			buildSettings = {
				ASSETCATALOG_COMPILER_APPICON_NAME = AppIcon;
				ASSETCATALOG_COMPILER_GLOBAL_ACCENT_COLOR_NAME = AccentColor;
				CODE_SIGN_IDENTITY = "Apple Development";
				CODE_SIGN_STYLE = Automatic;
				CURRENT_PROJECT_VERSION = 4;
				DEVELOPMENT_ASSET_PATHS = "\"oneLock/Preview Content\"";
				DEVELOPMENT_TEAM = 2XYK8RBB6M;
				ENABLE_PREVIEWS = YES;
				FRAMEWORK_SEARCH_PATHS = "$(SRCROOT)/bin";
				GENERATE_INFOPLIST_FILE = YES;
				INFOPLIST_FILE = oneLock/Info.plist;
				INFOPLIST_KEY_CFBundleDisplayName = OneLock;
				INFOPLIST_KEY_LSApplicationCategoryType = "public.app-category.utilities";
				INFOPLIST_KEY_NSCameraUsageDescription = "We need camera access to scan QR codes.";
				INFOPLIST_KEY_UIApplicationSceneManifest_Generation = YES;
				INFOPLIST_KEY_UIApplicationSupportsIndirectInputEvents = YES;
				INFOPLIST_KEY_UILaunchScreen_Generation = YES;
				INFOPLIST_KEY_UIRequiresFullScreen = YES;
				INFOPLIST_KEY_UISupportedInterfaceOrientations = UIInterfaceOrientationPortrait;
				INFOPLIST_KEY_UIUserInterfaceStyle = Light;
				IPHONEOS_DEPLOYMENT_TARGET = 15.5;
				LD_RUNPATH_SEARCH_PATHS = (
					"$(inherited)",
					"@executable_path/Frameworks",
				);
				MARKETING_VERSION = 1.0;
				OTHER_LDFLAGS = "-lresolv";
				PRODUCT_BUNDLE_IDENTIFIER = com.yushian.oneKey;
				PRODUCT_NAME = "$(TARGET_NAME)";
				PROVISIONING_PROFILE_SPECIFIER = "";
				SUPPORTED_PLATFORMS = "iphoneos iphonesimulator";
				SUPPORTS_MACCATALYST = NO;
				SUPPORTS_MAC_DESIGNED_FOR_IPHONE_IPAD = NO;
				SUPPORTS_XR_DESIGNED_FOR_IPHONE_IPAD = NO;
				SWIFT_EMIT_LOC_STRINGS = YES;
				SWIFT_VERSION = 5.0;
				TARGETED_DEVICE_FAMILY = "1,2";
			};
			name = Release;
		};
		69E13CA22D1B9A9A0081BBA4 /* Debug */ = {
			isa = XCBuildConfiguration;
			buildSettings = {
				BUNDLE_LOADER = "$(TEST_HOST)";
				CODE_SIGN_STYLE = Automatic;
				CURRENT_PROJECT_VERSION = 1;
				DEVELOPMENT_TEAM = 2XYK8RBB6M;
				GENERATE_INFOPLIST_FILE = YES;
				IPHONEOS_DEPLOYMENT_TARGET = 18.2;
				MARKETING_VERSION = 1.0;
				PRODUCT_BUNDLE_IDENTIFIER = "com.yushian.BPassword-ipfsTests";
				PRODUCT_NAME = "$(TARGET_NAME)";
				SWIFT_EMIT_LOC_STRINGS = NO;
				SWIFT_VERSION = 5.0;
				TARGETED_DEVICE_FAMILY = "1,2";
				TEST_HOST = "$(BUILT_PRODUCTS_DIR)/oneLock.app/$(BUNDLE_EXECUTABLE_FOLDER_PATH)/oneLock";
			};
			name = Debug;
		};
		69E13CA32D1B9A9A0081BBA4 /* Release */ = {
			isa = XCBuildConfiguration;
			buildSettings = {
				BUNDLE_LOADER = "$(TEST_HOST)";
				CODE_SIGN_STYLE = Automatic;
				CURRENT_PROJECT_VERSION = 1;
				DEVELOPMENT_TEAM = 2XYK8RBB6M;
				GENERATE_INFOPLIST_FILE = YES;
				IPHONEOS_DEPLOYMENT_TARGET = 18.2;
				MARKETING_VERSION = 1.0;
				PRODUCT_BUNDLE_IDENTIFIER = "com.yushian.BPassword-ipfsTests";
				PRODUCT_NAME = "$(TARGET_NAME)";
				SWIFT_EMIT_LOC_STRINGS = NO;
				SWIFT_VERSION = 5.0;
				TARGETED_DEVICE_FAMILY = "1,2";
				TEST_HOST = "$(BUILT_PRODUCTS_DIR)/oneLock.app/$(BUNDLE_EXECUTABLE_FOLDER_PATH)/oneLock";
			};
			name = Release;
		};
		69E13CA52D1B9A9A0081BBA4 /* Debug */ = {
			isa = XCBuildConfiguration;
			buildSettings = {
				CODE_SIGN_STYLE = Automatic;
				CURRENT_PROJECT_VERSION = 1;
				DEVELOPMENT_TEAM = 2XYK8RBB6M;
				GENERATE_INFOPLIST_FILE = YES;
				MARKETING_VERSION = 1.0;
				PRODUCT_BUNDLE_IDENTIFIER = "com.yushian.BPassword-ipfsUITests";
				PRODUCT_NAME = "$(TARGET_NAME)";
				SWIFT_EMIT_LOC_STRINGS = NO;
				SWIFT_VERSION = 5.0;
				TARGETED_DEVICE_FAMILY = "1,2";
				TEST_TARGET_NAME = "BPassword-ipfs";
			};
			name = Debug;
		};
		69E13CA62D1B9A9A0081BBA4 /* Release */ = {
			isa = XCBuildConfiguration;
			buildSettings = {
				CODE_SIGN_STYLE = Automatic;
				CURRENT_PROJECT_VERSION = 1;
				DEVELOPMENT_TEAM = 2XYK8RBB6M;
				GENERATE_INFOPLIST_FILE = YES;
				MARKETING_VERSION = 1.0;
				PRODUCT_BUNDLE_IDENTIFIER = "com.yushian.BPassword-ipfsUITests";
				PRODUCT_NAME = "$(TARGET_NAME)";
				SWIFT_EMIT_LOC_STRINGS = NO;
				SWIFT_VERSION = 5.0;
				TARGETED_DEVICE_FAMILY = "1,2";
				TEST_TARGET_NAME = "BPassword-ipfs";
			};
			name = Release;
		};
/* End XCBuildConfiguration section */

/* Begin XCConfigurationList section */
		69E13C732D1B9A970081BBA4 /* Build configuration list for PBXProject "oneLock" */ = {
			isa = XCConfigurationList;
			buildConfigurations = (
				69E13C9C2D1B9A9A0081BBA4 /* Debug */,
				69E13C9D2D1B9A9A0081BBA4 /* Release */,
			);
			defaultConfigurationIsVisible = 0;
			defaultConfigurationName = Release;
		};
		69E13C9E2D1B9A9A0081BBA4 /* Build configuration list for PBXNativeTarget "oneLock" */ = {
			isa = XCConfigurationList;
			buildConfigurations = (
				69E13C9F2D1B9A9A0081BBA4 /* Debug */,
				69E13CA02D1B9A9A0081BBA4 /* Release */,
			);
			defaultConfigurationIsVisible = 0;
			defaultConfigurationName = Release;
		};
		69E13CA12D1B9A9A0081BBA4 /* Build configuration list for PBXNativeTarget "oneLockTests" */ = {
			isa = XCConfigurationList;
			buildConfigurations = (
				69E13CA22D1B9A9A0081BBA4 /* Debug */,
				69E13CA32D1B9A9A0081BBA4 /* Release */,
			);
			defaultConfigurationIsVisible = 0;
			defaultConfigurationName = Release;
		};
		69E13CA42D1B9A9A0081BBA4 /* Build configuration list for PBXNativeTarget "oneLockUITests" */ = {
			isa = XCConfigurationList;
			buildConfigurations = (
				69E13CA52D1B9A9A0081BBA4 /* Debug */,
				69E13CA62D1B9A9A0081BBA4 /* Release */,
			);
			defaultConfigurationIsVisible = 0;
			defaultConfigurationName = Release;
		};
/* End XCConfigurationList section */
	};
	rootObject = 69E13C702D1B9A970081BBA4 /* Project object */;
}
